
Microsoft Visual Studio Solution File, Format Version 12.00
# Visual Studio 14
VisualStudioVersion = 14.0.25123.0
MinimumVisualStudioVersion = 10.0.40219.1
Project("{FAE04EC0-301F-11D3-BF4B-00C04F79EFBC}") = "CP.Services", "Services\CPServices\CP.Services.csproj", "{82EEB988-CF16-4988-9F60-333E6706768A}"
EndProject
Project("{2150E333-8FDC-42A3-9474-1A3956D46DE8}") = "Shared", "Shared", "{F23E26E6-ADCE-4494-A7D9-9B203AD0CB15}"
EndProject
Project("{2150E333-8FDC-42A3-9474-1A3956D46DE8}") = "Documentation", "Documentation", "{07E5A1C8-A3AD-4F90-B158-1E67F08FD378}"
EndProject
Project("{2150E333-8FDC-42A3-9474-1A3956D46DE8}") = "DataAccess", "DataAccess", "{5E897F49-D873-45D5-BDAC-6FCABCDD682B}"
EndProject
Project("{2150E333-8FDC-42A3-9474-1A3956D46DE8}") = "Services", "Services", "{9D08E9B1-5656-4DC7-B2BA-F5335A29DA19}"
EndProject
Project("{FAE04EC0-301F-11D3-BF4B-00C04F79EFBC}") = "CP.Dto", "Shared\CP.Dto\CP.Dto.csproj", "{FE28C98B-5EA5-4A72-B031-B4E410226F98}"
EndProject
Project("{FAE04EC0-301F-11D3-BF4B-00C04F79EFBC}") = "CP.Enum", "Shared\CP.Enum\CP.Enum.csproj", "{B056479E-F6F4-4060-ACAB-E4C8A9DBD25B}"
EndProject
Project("{FAE04EC0-301F-11D3-BF4B-00C04F79EFBC}") = "CP.Utility", "Shared\CP.Utility\CP.Utility.csproj", "{E8F231E3-15F0-4BDA-86A3-7CB1563A24D3}"
EndProject
Project("{FAE04EC0-301F-11D3-BF4B-00C04F79EFBC}") = "CP.Constants", "Shared\CP.Constants\CP.Constants.csproj", "{2524CEE2-7293-4B0F-887F-78D40B94CC66}"
EndProject
Project("{2150E333-8FDC-42A3-9474-1A3956D46DE8}") = "Lib", "Lib", "{2B76CA95-310C-454F-9092-2AF4FECBBD9B}"
	ProjectSection(SolutionItems) = preProject
		Lib\Microsoft.Web.Services3.dll = Lib\Microsoft.Web.Services3.dll
		Lib\MySql.Data.dll = Lib\MySql.Data.dll
		Lib\ScheduleService.bat = Lib\ScheduleService.bat
		Lib\System.Net.Http.Formatting.dll = Lib\System.Net.Http.Formatting.dll
		Lib\System.Web.Http.dll = Lib\System.Web.Http.dll
	EndProjectSection
EndProject
Project("{FAE04EC0-301F-11D3-BF4B-00C04F79EFBC}") = "CP.Data", "DataAccess\CP.Sql\CP.Data.csproj", "{35FF0780-2B79-475E-A31C-C1E88B201039}"
EndProject
Project("{FAE04EC0-301F-11D3-BF4B-00C04F79EFBC}") = "CP.DataUtility", "DataAccess\CP.DataUtility\CP.DataUtility.csproj", "{70D22F94-7908-45CA-854D-B6723692484B}"
EndProject
Project("{FAE04EC0-301F-11D3-BF4B-00C04F79EFBC}") = "CP.IdeaMart", "Shared\CP.IdeaMart\CP.IdeaMart.csproj", "{ABE40E73-575F-4D02-A9BF-051C28130A0C}"
EndProject
Project("{FAE04EC0-301F-11D3-BF4B-00C04F79EFBC}") = "ChatApp", "Services\ChatApp\ChatApp.csproj", "{F9652164-17BB-488E-89BB-E86005FD4F96}"
EndProject
Project("{FAE04EC0-301F-11D3-BF4B-00C04F79EFBC}") = "CoupleChatApp", "Services\CoupleChatApp\CoupleChatApp.csproj", "{5D35BA34-0758-48BB-B8D0-D8B95175BFE7}"
EndProject
Project("{FAE04EC0-301F-11D3-BF4B-00C04F79EFBC}") = "CP.Scheduler", "Shared\CP.Scheduler\CP.Scheduler.csproj", "{C81D162C-804C-47C3-BFB2-545DEF8EB264}"
EndProject
Global
	GlobalSection(SolutionConfigurationPlatforms) = preSolution
		Debug|Any CPU = Debug|Any CPU
		Release|Any CPU = Release|Any CPU
	EndGlobalSection
	GlobalSection(ProjectConfigurationPlatforms) = postSolution
		{82EEB988-CF16-4988-9F60-333E6706768A}.Debug|Any CPU.ActiveCfg = Debug|Any CPU
		{82EEB988-CF16-4988-9F60-333E6706768A}.Debug|Any CPU.Build.0 = Debug|Any CPU
		{82EEB988-CF16-4988-9F60-333E6706768A}.Release|Any CPU.ActiveCfg = Release|Any CPU
		{82EEB988-CF16-4988-9F60-333E6706768A}.Release|Any CPU.Build.0 = Release|Any CPU
		{FE28C98B-5EA5-4A72-B031-B4E410226F98}.Debug|Any CPU.ActiveCfg = Debug|Any CPU
		{FE28C98B-5EA5-4A72-B031-B4E410226F98}.Debug|Any CPU.Build.0 = Debug|Any CPU
		{FE28C98B-5EA5-4A72-B031-B4E410226F98}.Release|Any CPU.ActiveCfg = Release|Any CPU
		{FE28C98B-5EA5-4A72-B031-B4E410226F98}.Release|Any CPU.Build.0 = Release|Any CPU
		{B056479E-F6F4-4060-ACAB-E4C8A9DBD25B}.Debug|Any CPU.ActiveCfg = Debug|Any CPU
		{B056479E-F6F4-4060-ACAB-E4C8A9DBD25B}.Debug|Any CPU.Build.0 = Debug|Any CPU
		{B056479E-F6F4-4060-ACAB-E4C8A9DBD25B}.Release|Any CPU.ActiveCfg = Release|Any CPU
		{B056479E-F6F4-4060-ACAB-E4C8A9DBD25B}.Release|Any CPU.Build.0 = Release|Any CPU
		{E8F231E3-15F0-4BDA-86A3-7CB1563A24D3}.Debug|Any CPU.ActiveCfg = Debug|Any CPU
		{E8F231E3-15F0-4BDA-86A3-7CB1563A24D3}.Debug|Any CPU.Build.0 = Debug|Any CPU
		{E8F231E3-15F0-4BDA-86A3-7CB1563A24D3}.Release|Any CPU.ActiveCfg = Release|Any CPU
		{E8F231E3-15F0-4BDA-86A3-7CB1563A24D3}.Release|Any CPU.Build.0 = Release|Any CPU
		{2524CEE2-7293-4B0F-887F-78D40B94CC66}.Debug|Any CPU.ActiveCfg = Debug|Any CPU
		{2524CEE2-7293-4B0F-887F-78D40B94CC66}.Debug|Any CPU.Build.0 = Debug|Any CPU
		{2524CEE2-7293-4B0F-887F-78D40B94CC66}.Release|Any CPU.ActiveCfg = Release|Any CPU
		{2524CEE2-7293-4B0F-887F-78D40B94CC66}.Release|Any CPU.Build.0 = Release|Any CPU
		{35FF0780-2B79-475E-A31C-C1E88B201039}.Debug|Any CPU.ActiveCfg = Debug|Any CPU
		{35FF0780-2B79-475E-A31C-C1E88B201039}.Debug|Any CPU.Build.0 = Debug|Any CPU
		{35FF0780-2B79-475E-A31C-C1E88B201039}.Release|Any CPU.ActiveCfg = Release|Any CPU
		{35FF0780-2B79-475E-A31C-C1E88B201039}.Release|Any CPU.Build.0 = Release|Any CPU
		{70D22F94-7908-45CA-854D-B6723692484B}.Debug|Any CPU.ActiveCfg = Debug|Any CPU
		{70D22F94-7908-45CA-854D-B6723692484B}.Debug|Any CPU.Build.0 = Debug|Any CPU
		{70D22F94-7908-45CA-854D-B6723692484B}.Release|Any CPU.ActiveCfg = Release|Any CPU
		{70D22F94-7908-45CA-854D-B6723692484B}.Release|Any CPU.Build.0 = Release|Any CPU
		{ABE40E73-575F-4D02-A9BF-051C28130A0C}.Debug|Any CPU.ActiveCfg = Debug|Any CPU
		{ABE40E73-575F-4D02-A9BF-051C28130A0C}.Debug|Any CPU.Build.0 = Debug|Any CPU
		{ABE40E73-575F-4D02-A9BF-051C28130A0C}.Release|Any CPU.ActiveCfg = Release|Any CPU
		{ABE40E73-575F-4D02-A9BF-051C28130A0C}.Release|Any CPU.Build.0 = Release|Any CPU
		{F9652164-17BB-488E-89BB-E86005FD4F96}.Debug|Any CPU.ActiveCfg = Debug|Any CPU
		{F9652164-17BB-488E-89BB-E86005FD4F96}.Debug|Any CPU.Build.0 = Debug|Any CPU
		{F9652164-17BB-488E-89BB-E86005FD4F96}.Release|Any CPU.ActiveCfg = Release|Any CPU
		{F9652164-17BB-488E-89BB-E86005FD4F96}.Release|Any CPU.Build.0 = Release|Any CPU
		{5D35BA34-0758-48BB-B8D0-D8B95175BFE7}.Debug|Any CPU.ActiveCfg = Debug|Any CPU
		{5D35BA34-0758-48BB-B8D0-D8B95175BFE7}.Debug|Any CPU.Build.0 = Debug|Any CPU
		{5D35BA34-0758-48BB-B8D0-D8B95175BFE7}.Release|Any CPU.ActiveCfg = Release|Any CPU
		{5D35BA34-0758-48BB-B8D0-D8B95175BFE7}.Release|Any CPU.Build.0 = Release|Any CPU
		{C81D162C-804C-47C3-BFB2-545DEF8EB264}.Debug|Any CPU.ActiveCfg = Debug|Any CPU
		{C81D162C-804C-47C3-BFB2-545DEF8EB264}.Debug|Any CPU.Build.0 = Debug|Any CPU
		{C81D162C-804C-47C3-BFB2-545DEF8EB264}.Release|Any CPU.ActiveCfg = Release|Any CPU
		{C81D162C-804C-47C3-BFB2-545DEF8EB264}.Release|Any CPU.Build.0 = Release|Any CPU
	EndGlobalSection
	GlobalSection(SolutionProperties) = preSolution
		HideSolutionNode = FALSE
	EndGlobalSection
	GlobalSection(NestedProjects) = preSolution
		{82EEB988-CF16-4988-9F60-333E6706768A} = {9D08E9B1-5656-4DC7-B2BA-F5335A29DA19}
		{FE28C98B-5EA5-4A72-B031-B4E410226F98} = {F23E26E6-ADCE-4494-A7D9-9B203AD0CB15}
		{B056479E-F6F4-4060-ACAB-E4C8A9DBD25B} = {F23E26E6-ADCE-4494-A7D9-9B203AD0CB15}
		{E8F231E3-15F0-4BDA-86A3-7CB1563A24D3} = {F23E26E6-ADCE-4494-A7D9-9B203AD0CB15}
		{2524CEE2-7293-4B0F-887F-78D40B94CC66} = {F23E26E6-ADCE-4494-A7D9-9B203AD0CB15}
		{35FF0780-2B79-475E-A31C-C1E88B201039} = {5E897F49-D873-45D5-BDAC-6FCABCDD682B}
		{70D22F94-7908-45CA-854D-B6723692484B} = {5E897F49-D873-45D5-BDAC-6FCABCDD682B}
		{ABE40E73-575F-4D02-A9BF-051C28130A0C} = {F23E26E6-ADCE-4494-A7D9-9B203AD0CB15}
		{F9652164-17BB-488E-89BB-E86005FD4F96} = {9D08E9B1-5656-4DC7-B2BA-F5335A29DA19}
		{5D35BA34-0758-48BB-B8D0-D8B95175BFE7} = {9D08E9B1-5656-4DC7-B2BA-F5335A29DA19}
		{C81D162C-804C-47C3-BFB2-545DEF8EB264} = {F23E26E6-ADCE-4494-A7D9-9B203AD0CB15}
	EndGlobalSection
EndGlobal
